
Microsoft Visual Studio Solution File, Format Version 12.00
Project("{FAE04EC0-301F-11D3-BF4B-00C04F79EFBC}") = "PatRec3", "PatRec3\PatRec3.csproj", "{DF86110A-8927-4260-9E9C-89BAB43F4545}"
EndProject
Global
	GlobalSection(SolutionConfigurationPlatforms) = preSolution
		Debug|Any CPU = Debug|Any CPU
		Release|Any CPU = Release|Any CPU
	EndGlobalSection
	GlobalSection(ProjectConfigurationPlatforms) = postSolution
		{DF86110A-8927-4260-9E9C-89BAB43F4545}.Debug|Any CPU.ActiveCfg = Debug|Any CPU
		{DF86110A-8927-4260-9E9C-89BAB43F4545}.Debug|Any CPU.Build.0 = Debug|Any CPU
		{DF86110A-8927-4260-9E9C-89BAB43F4545}.Release|Any CPU.ActiveCfg = Release|Any CPU
		{DF86110A-8927-4260-9E9C-89BAB43F4545}.Release|Any CPU.Build.0 = Release|Any CPU
	EndGlobalSection
EndGlobal
